<?xml version="1.0" encoding="utf-8"?>
<Project ToolsVersion="4.0" xmlns="http://schemas.microsoft.com/developer/msbuild/2003">
  <ItemGroup>
    <ClCompile Include="src\CmS_Sound.cpp" />
    <ClCompile Include="src\main.cpp" />
    <ClCompile Include="src\QueueTemp.cpp" />
    <ClCompile Include="src\soundTest.cpp" />
    <ClCompile Include="src\terminal.cpp" />
    <ClCompile Include="src\COMPort.cpp" />
  </ItemGroup>
  <ItemGroup>
<<<<<<< HEAD
    <ClInclude Include="src\CmS_Sound.h" />
    <ClInclude Include="src\Queue.h" />
    <ClInclude Include="src\terminal.h" />
    <ClInclude Include="src\COMPort.h" />
=======
    <ClCompile Include="src\main.cpp">
      <Filter>Source Files</Filter>
    </ClCompile>
    <ClCompile Include="src\sound.cpp">
      <Filter>Header Files</Filter>
    </ClCompile>
    <ClCompile Include="CmS_Sound.cpp">
      <Filter>Source Files</Filter>
    </ClCompile>
  </ItemGroup>
  <ItemGroup>
    <ClInclude Include="src\sound.h">
      <Filter>Header Files</Filter>
    </ClInclude>
    <ClInclude Include="CmS_Sound.h">
      <Filter>Header Files</Filter>
    </ClInclude>
    <ClInclude Include="src\Queue.h">
      <Filter>Header Files</Filter>
    </ClInclude>
>>>>>>> main
  </ItemGroup>
</Project>