<?xml version="1.0" encoding="utf-8"?>
<Project ToolsVersion="4.0" xmlns="http://schemas.microsoft.com/developer/msbuild/2003">
  <ItemGroup>
    <ClCompile Include="src\CmS_Sound.cpp" />
    <ClCompile Include="src\main.cpp" />
    <ClCompile Include="src\Queue.cpp" />
    <ClCompile Include="src\soundTest.cpp" />
    <ClCompile Include="src\terminal.cpp" />
    <ClCompile Include="src\COMPort.cpp" />
    <ClCompile Include="src\RS232test.cpp" />
    <ClCompile Include="src\FortuneCookies.cpp" />
    <ClCompile Include="src\COMPortTest.cpp" />
    <ClCompile Include="src\COMPortManager.cpp" />
    <ClCompile Include="src\phonebook.cpp" />
  </ItemGroup>
  <ItemGroup>
    <ClInclude Include="src\CmS_Sound.h" />
    <ClInclude Include="src\Queue.h" />
    <ClInclude Include="src\terminal.h" />
    <ClInclude Include="src\COMPort.h" />
    <ClInclude Include="src\FortuneCookies.h" />
    <ClInclude Include="src\COMPortTest.h" />
    <ClInclude Include="src\COMPortManager.h" />
    <ClInclude Include="src\phonebook.h" />
  </ItemGroup>
</Project>